{
  "nodes": {
    "flake-utils": {
      "inputs": {
        "systems": "systems"
      },
      "locked": {
        "lastModified": 1689068808,
        "narHash": "sha256-6ixXo3wt24N/melDWjq70UuHQLxGV8jZvooRanIHXw0=",
        "owner": "numtide",
        "repo": "flake-utils",
        "rev": "919d646de7be200f3bf08cb76ae1f09402b6f9b4",
        "type": "github"
      },
      "original": {
        "owner": "numtide",
        "repo": "flake-utils",
        "type": "github"
      }
    },
    "flake-utils_2": {
      "inputs": {
        "systems": "systems_2"
      },
      "locked": {
        "lastModified": 1689068808,
        "narHash": "sha256-6ixXo3wt24N/melDWjq70UuHQLxGV8jZvooRanIHXw0=",
        "owner": "numtide",
        "repo": "flake-utils",
        "rev": "919d646de7be200f3bf08cb76ae1f09402b6f9b4",
        "type": "github"
      },
      "original": {
        "owner": "numtide",
        "repo": "flake-utils",
        "type": "github"
      }
    },
    "kaleidoscope": {
      "flake": false,
      "locked": {
        "lastModified": 1681413970,
        "narHash": "sha256-OSy1mcI5Dc0KSwKoKVRe9AWluyybUnc7ZjwqeQoXTv8=",
        "owner": "keyboardio",
        "repo": "Kaleidoscope",
        "rev": "90abb32cc9eee25fa32560528e4b7b52d6441c6d",
        "type": "github"
      },
      "original": {
        "owner": "keyboardio",
        "repo": "Kaleidoscope",
        "type": "github"
      }
    },
    "keymap-drawer-src": {
      "flake": false,
      "locked": {
        "lastModified": 1689632428,
        "narHash": "sha256-tXK9E3IByMb+ZPcHfqUx7pC2YDGm7R+sEXyqTqlaebM=",
        "owner": "caksoylar",
        "repo": "keymap-drawer",
        "rev": "1aa5d9603395e8ecc35cd9e661edfa8a782bcfc6",
        "type": "github"
      },
      "original": {
        "owner": "caksoylar",
        "repo": "keymap-drawer",
        "type": "github"
      }
    },
    "nix-github-actions": {
      "inputs": {
        "nixpkgs": [
          "poetry2nix",
          "nixpkgs"
        ]
      },
      "locked": {
        "lastModified": 1688870561,
        "narHash": "sha256-4UYkifnPEw1nAzqqPOTL2MvWtm3sNGw1UTYTalkTcGY=",
        "owner": "nix-community",
        "repo": "nix-github-actions",
        "rev": "165b1650b753316aa7f1787f3005a8d2da0f5301",
        "type": "github"
      },
      "original": {
        "owner": "nix-community",
        "repo": "nix-github-actions",
        "type": "github"
      }
    },
    "nixpkgs": {
      "locked": {
        "lastModified": 1689794006,
        "narHash": "sha256-lWj1XvwkGnBvmip3rIU4hN4QsxSVbVYKQs5PhW+WFcs=",
        "owner": "NixOS",
        "repo": "nixpkgs",
        "rev": "aadb3f3058f8a93c5cc2b5de843d700d106218c1",
        "type": "github"
      },
      "original": {
        "owner": "NixOS",
        "repo": "nixpkgs",
        "type": "github"
      }
    },
    "poetry2nix": {
      "inputs": {
        "flake-utils": "flake-utils_2",
        "nix-github-actions": "nix-github-actions",
        "nixpkgs": [
          "nixpkgs"
        ]
      },
      "locked": {
        "lastModified": 1689756515,
        "narHash": "sha256-/OdoumpArUFcSRCSrKrpeM/elAFiXXjt+Uy3dCU1Bq0=",
        "owner": "nix-community",
        "repo": "poetry2nix",
        "rev": "c90e413408c8ffc1549f8ed0c30da870cfef6eb1",
        "type": "github"
      },
      "original": {
        "owner": "nix-community",
        "repo": "poetry2nix",
        "type": "github"
      }
    },
    "root": {
      "inputs": {
        "flake-utils": "flake-utils",
        "kaleidoscope": "kaleidoscope",
        "keymap-drawer-src": "keymap-drawer-src",
        "nixpkgs": "nixpkgs",
        "poetry2nix": "poetry2nix"
      }
    },
    "systems": {
      "locked": {
        "lastModified": 1681028828,
        "narHash": "sha256-Vy1rq5AaRuLzOxct8nz4T6wlgyUR7zLU309k9mBC768=",
        "owner": "nix-systems",
        "repo": "default",
        "rev": "da67096a3b9bf56a91d16901293e51ba5b49a27e",
        "type": "github"
      },
      "original": {
        "owner": "nix-systems",
        "repo": "default",
        "type": "github"
      }
    },
    "systems_2": {
      "locked": {
        "lastModified": 1681028828,
        "narHash": "sha256-Vy1rq5AaRuLzOxct8nz4T6wlgyUR7zLU309k9mBC768=",
        "owner": "nix-systems",
        "repo": "default",
        "rev": "da67096a3b9bf56a91d16901293e51ba5b49a27e",
        "type": "github"
      },
      "original": {
        "owner": "nix-systems",
        "repo": "default",
        "type": "github"
      }
    }
  },
  "root": "root",
  "version": 7
}
