{
  "nodes": {
    "flake-utils": {
      "locked": {
        "lastModified": 1676283394,
        "narHash": "sha256-XX2f9c3iySLCw54rJ/CZs+ZK6IQy7GXNY4nSOyu2QG4=",
        "owner": "numtide",
        "repo": "flake-utils",
        "rev": "3db36a8b464d0c4532ba1c7dda728f4576d6d073",
        "type": "github"
      },
      "original": {
        "owner": "numtide",
        "repo": "flake-utils",
        "type": "github"
      }
    },
    "kaleidoscope": {
      "flake": false,
      "locked": {
        "lastModified": 1675212897,
        "narHash": "sha256-3W7t15f/pK+NYQp3qevYgf0M/NUCdbHAgQ4P2sl6t8o=",
        "owner": "keyboardio",
        "repo": "Kaleidoscope",
        "rev": "c1acb3b6dae12dbe70dead81d029deeb2a7992d2",
        "type": "github"
      },
      "original": {
        "owner": "keyboardio",
        "repo": "Kaleidoscope",
        "type": "github"
      }
    },
    "nixpkgs": {
      "locked": {
        "lastModified": 1676410367,
        "narHash": "sha256-cZlt+wNWQaoYvWNKh8u2LmD0HOJOwJNwH3/jLQQUtn0=",
        "owner": "NixOS",
        "repo": "nixpkgs",
        "rev": "b2cf9511b3781b2e04bfb9d41be8c22a0ff9e5c5",
        "type": "github"
      },
      "original": {
        "owner": "NixOS",
        "repo": "nixpkgs",
        "type": "github"
      }
    },
    "root": {
      "inputs": {
        "flake-utils": "flake-utils",
        "kaleidoscope": "kaleidoscope",
        "nixpkgs": "nixpkgs"
      }
    }
  },
  "root": "root",
  "version": 7
}
