{
  "nodes": {
    "flake-utils": {
      "locked": {
        "lastModified": 1678901627,
        "narHash": "sha256-U02riOqrKKzwjsxc/400XnElV+UtPUQWpANPlyazjH0=",
        "owner": "numtide",
        "repo": "flake-utils",
        "rev": "93a2b84fc4b70d9e089d029deacc3583435c2ed6",
        "type": "github"
      },
      "original": {
        "owner": "numtide",
        "repo": "flake-utils",
        "type": "github"
      }
    },
    "kaleidoscope": {
      "flake": false,
      "locked": {
        "lastModified": 1678904079,
        "narHash": "sha256-ifyFJo9WC6iZ82jwNho7cLfFsgZPXtNFgsu8wDLj/8E=",
        "owner": "keyboardio",
        "repo": "Kaleidoscope",
        "rev": "de25b6a00c0e5419b188efd5d548340a7d9d0288",
        "type": "github"
      },
      "original": {
        "owner": "keyboardio",
        "repo": "Kaleidoscope",
        "type": "github"
      }
    },
    "nixpkgs": {
      "locked": {
        "lastModified": 1678907089,
        "narHash": "sha256-tINzqlq/NyLgd2E5pClYdJWYirrvUzT/5hM+2ImO1z0=",
        "owner": "NixOS",
        "repo": "nixpkgs",
        "rev": "974a1893d3c994f8b3e721876e9c5bbf414b0280",
        "type": "github"
      },
      "original": {
        "owner": "NixOS",
        "repo": "nixpkgs",
        "type": "github"
      }
    },
    "root": {
      "inputs": {
        "flake-utils": "flake-utils",
        "kaleidoscope": "kaleidoscope",
        "nixpkgs": "nixpkgs"
      }
    }
  },
  "root": "root",
  "version": 7
}
